# This file is generated by craft.
version = 1
manifest = "Craft.toml"
manifest-digest = "fnv1a64:c7f00ba9aa72db4c"

[[package]]
id = "kern_regex 0.1.0 root"
name = "kern_regex"
version = "0.1.0"
source = "root"
manifest = "Craft.toml"
manifest-digest = "fnv1a64:c7f00ba9aa72db4c"

[[package-target]]
package = "kern_regex 0.1.0 root"
kind = "bin"
name = "kern_regex"
root = "src/main.rn"
